version = 1
requires-python = ">=3.13"

[[package]]
name = "aqua-watcher"
version = "0.1.0"
source = { virtual = "." }

[package.dev-dependencies]
dev = [
    { name = "coverage" },
    { name = "ipython" },
    { name = "mypy" },
    { name = "types-requests" },
]
downloader = [
    { name = "beautifulsoup4" },
    { name = "requests" },
]
publisher = [
    { name = "jinja2" },
    { name = "pandas" },
]

[package.metadata]

[package.metadata.requires-dev]
dev = [
    { name = "coverage", specifier = ">=7.6.10" },
    { name = "ipython", specifier = ">=8.31.0" },
    { name = "mypy", specifier = ">=1.14.0" },
    { name = "types-requests", specifier = ">=2.32.0.20241016" },
]
downloader = [
    { name = "beautifulsoup4", specifier = ">=4.12.3" },
    { name = "requests", specifier = ">=2.32.3" },
]
publisher = [
    { name = "jinja2", specifier = ">=3.1.5" },
    { name = "pandas", specifier = ">=2.2.3" },
]

[[package]]
name = "asttokens"
version = "3.0.0"
source = { registry = "https://pypi.org/simple" }
sdist = { url = "https://files.pythonhosted.org/packages/4a/e7/82da0a03e7ba5141f05cce0d302e6eed121ae055e0456ca228bf693984bc/asttokens-3.0.0.tar.gz", hash = "sha256:0dcd8baa8d62b0c1d118b399b2ddba3c4aff271d0d7a9e0d4c1681c79035bbc7", size = 61978 }
wheels = [
    { url = "https://files.pythonhosted.org/packages/25/8a/c46dcc25341b5bce5472c718902eb3d38600a903b14fa6aeecef3f21a46f/asttokens-3.0.0-py3-none-any.whl", hash = "sha256:e3078351a059199dd5138cb1c706e6430c05eff2ff136af5eb4790f9d28932e2", size = 26918 },
]

[[package]]
name = "beautifulsoup4"
version = "4.12.3"
source = { registry = "https://pypi.org/simple" }
dependencies = [
    { name = "soupsieve" },
]
sdist = { url = "https://files.pythonhosted.org/packages/b3/ca/824b1195773ce6166d388573fc106ce56d4a805bd7427b624e063596ec58/beautifulsoup4-4.12.3.tar.gz", hash = "sha256:74e3d1928edc070d21748185c46e3fb33490f22f52a3addee9aee0f4f7781051", size = 581181 }
wheels = [
    { url = "https://files.pythonhosted.org/packages/b1/fe/e8c672695b37eecc5cbf43e1d0638d88d66ba3a44c4d321c796f4e59167f/beautifulsoup4-4.12.3-py3-none-any.whl", hash = "sha256:b80878c9f40111313e55da8ba20bdba06d8fa3969fc68304167741bbf9e082ed", size = 147925 },
]

[[package]]
name = "certifi"
version = "2024.12.14"
source = { registry = "https://pypi.org/simple" }
sdist = { url = "https://files.pythonhosted.org/packages/0f/bd/1d41ee578ce09523c81a15426705dd20969f5abf006d1afe8aeff0dd776a/certifi-2024.12.14.tar.gz", hash = "sha256:b650d30f370c2b724812bee08008be0c4163b163ddaec3f2546c1caf65f191db", size = 166010 }
wheels = [
    { url = "https://files.pythonhosted.org/packages/a5/32/8f6669fc4798494966bf446c8c4a162e0b5d893dff088afddf76414f70e1/certifi-2024.12.14-py3-none-any.whl", hash = "sha256:1275f7a45be9464efc1173084eaa30f866fe2e47d389406136d332ed4967ec56", size = 164927 },
]

[[package]]
name = "charset-normalizer"
version = "3.4.1"
source = { registry = "https://pypi.org/simple" }
sdist = { url = "https://files.pythonhosted.org/packages/16/b0/572805e227f01586461c80e0fd25d65a2115599cc9dad142fee4b747c357/charset_normalizer-3.4.1.tar.gz", hash = "sha256:44251f18cd68a75b56585dd00dae26183e102cd5e0f9f1466e6df5da2ed64ea3", size = 123188 }
wheels = [
    { url = "https://files.pythonhosted.org/packages/38/94/ce8e6f63d18049672c76d07d119304e1e2d7c6098f0841b51c666e9f44a0/charset_normalizer-3.4.1-cp313-cp313-macosx_10_13_universal2.whl", hash = "sha256:aabfa34badd18f1da5ec1bc2715cadc8dca465868a4e73a0173466b688f29dda", size = 195698 },
    { url = "https://files.pythonhosted.org/packages/24/2e/dfdd9770664aae179a96561cc6952ff08f9a8cd09a908f259a9dfa063568/charset_normalizer-3.4.1-cp313-cp313-manylinux_2_17_aarch64.manylinux2014_aarch64.whl", hash = "sha256:22e14b5d70560b8dd51ec22863f370d1e595ac3d024cb8ad7d308b4cd95f8313", size = 140162 },
    { url = "https://files.pythonhosted.org/packages/24/4e/f646b9093cff8fc86f2d60af2de4dc17c759de9d554f130b140ea4738ca6/charset_normalizer-3.4.1-cp313-cp313-manylinux_2_17_ppc64le.manylinux2014_ppc64le.whl", hash = "sha256:8436c508b408b82d87dc5f62496973a1805cd46727c34440b0d29d8a2f50a6c9", size = 150263 },
    { url = "https://files.pythonhosted.org/packages/5e/67/2937f8d548c3ef6e2f9aab0f6e21001056f692d43282b165e7c56023e6dd/charset_normalizer-3.4.1-cp313-cp313-manylinux_2_17_s390x.manylinux2014_s390x.whl", hash = "sha256:2d074908e1aecee37a7635990b2c6d504cd4766c7bc9fc86d63f9c09af3fa11b", size = 142966 },
    { url = "https://files.pythonhosted.org/packages/52/ed/b7f4f07de100bdb95c1756d3a4d17b90c1a3c53715c1a476f8738058e0fa/charset_normalizer-3.4.1-cp313-cp313-manylinux_2_17_x86_64.manylinux2014_x86_64.whl", hash = "sha256:955f8851919303c92343d2f66165294848d57e9bba6cf6e3625485a70a038d11", size = 144992 },
    { url = "https://files.pythonhosted.org/packages/96/2c/d49710a6dbcd3776265f4c923bb73ebe83933dfbaa841c5da850fe0fd20b/charset_normalizer-3.4.1-cp313-cp313-manylinux_2_5_i686.manylinux1_i686.manylinux_2_17_i686.manylinux2014_i686.whl", hash = "sha256:44ecbf16649486d4aebafeaa7ec4c9fed8b88101f4dd612dcaf65d5e815f837f", size = 147162 },
    { url = "https://files.pythonhosted.org/packages/b4/41/35ff1f9a6bd380303dea55e44c4933b4cc3c4850988927d4082ada230273/charset_normalizer-3.4.1-cp313-cp313-musllinux_1_2_aarch64.whl", hash = "sha256:0924e81d3d5e70f8126529951dac65c1010cdf117bb75eb02dd12339b57749dd", size = 140972 },
    { url = "https://files.pythonhosted.org/packages/fb/43/c6a0b685fe6910d08ba971f62cd9c3e862a85770395ba5d9cad4fede33ab/charset_normalizer-3.4.1-cp313-cp313-musllinux_1_2_i686.whl", hash = "sha256:2967f74ad52c3b98de4c3b32e1a44e32975e008a9cd2a8cc8966d6a5218c5cb2", size = 149095 },
    { url = "https://files.pythonhosted.org/packages/4c/ff/a9a504662452e2d2878512115638966e75633519ec11f25fca3d2049a94a/charset_normalizer-3.4.1-cp313-cp313-musllinux_1_2_ppc64le.whl", hash = "sha256:c75cb2a3e389853835e84a2d8fb2b81a10645b503eca9bcb98df6b5a43eb8886", size = 152668 },
    { url = "https://files.pythonhosted.org/packages/6c/71/189996b6d9a4b932564701628af5cee6716733e9165af1d5e1b285c530ed/charset_normalizer-3.4.1-cp313-cp313-musllinux_1_2_s390x.whl", hash = "sha256:09b26ae6b1abf0d27570633b2b078a2a20419c99d66fb2823173d73f188ce601", size = 150073 },
    { url = "https://files.pythonhosted.org/packages/e4/93/946a86ce20790e11312c87c75ba68d5f6ad2208cfb52b2d6a2c32840d922/charset_normalizer-3.4.1-cp313-cp313-musllinux_1_2_x86_64.whl", hash = "sha256:fa88b843d6e211393a37219e6a1c1df99d35e8fd90446f1118f4216e307e48cd", size = 145732 },
    { url = "https://files.pythonhosted.org/packages/cd/e5/131d2fb1b0dddafc37be4f3a2fa79aa4c037368be9423061dccadfd90091/charset_normalizer-3.4.1-cp313-cp313-win32.whl", hash = "sha256:eb8178fe3dba6450a3e024e95ac49ed3400e506fd4e9e5c32d30adda88cbd407", size = 95391 },
    { url = "https://files.pythonhosted.org/packages/27/f2/4f9a69cc7712b9b5ad8fdb87039fd89abba997ad5cbe690d1835d40405b0/charset_normalizer-3.4.1-cp313-cp313-win_amd64.whl", hash = "sha256:b1ac5992a838106edb89654e0aebfc24f5848ae2547d22c2c3f66454daa11971", size = 102702 },
    { url = "https://files.pythonhosted.org/packages/0e/f6/65ecc6878a89bb1c23a086ea335ad4bf21a588990c3f535a227b9eea9108/charset_normalizer-3.4.1-py3-none-any.whl", hash = "sha256:d98b1668f06378c6dbefec3b92299716b931cd4e6061f3c875a71ced1780ab85", size = 49767 },
]

[[package]]
name = "colorama"
version = "0.4.6"
source = { registry = "https://pypi.org/simple" }
sdist = { url = "https://files.pythonhosted.org/packages/d8/53/6f443c9a4a8358a93a6792e2acffb9d9d5cb0a5cfd8802644b7b1c9a02e4/colorama-0.4.6.tar.gz", hash = "sha256:08695f5cb7ed6e0531a20572697297273c47b8cae5a63ffc6d6ed5c201be6e44", size = 27697 }
wheels = [
    { url = "https://files.pythonhosted.org/packages/d1/d6/3965ed04c63042e047cb6a3e6ed1a63a35087b6a609aa3a15ed8ac56c221/colorama-0.4.6-py2.py3-none-any.whl", hash = "sha256:4f1d9991f5acc0ca119f9d443620b77f9d6b33703e51011c16baf57afb285fc6", size = 25335 },
]

[[package]]
name = "coverage"
version = "7.6.10"
source = { registry = "https://pypi.org/simple" }
sdist = { url = "https://files.pythonhosted.org/packages/84/ba/ac14d281f80aab516275012e8875991bb06203957aa1e19950139238d658/coverage-7.6.10.tar.gz", hash = "sha256:7fb105327c8f8f0682e29843e2ff96af9dcbe5bab8eeb4b398c6a33a16d80a23", size = 803868 }
wheels = [
    { url = "https://files.pythonhosted.org/packages/25/6d/31883d78865529257bf847df5789e2ae80e99de8a460c3453dbfbe0db069/coverage-7.6.10-cp313-cp313-macosx_10_13_x86_64.whl", hash = "sha256:05fca8ba6a87aabdd2d30d0b6c838b50510b56cdcfc604d40760dae7153b73d9", size = 208308 },
    { url = "https://files.pythonhosted.org/packages/70/22/3f2b129cc08de00c83b0ad6252e034320946abfc3e4235c009e57cfeee05/coverage-7.6.10-cp313-cp313-macosx_11_0_arm64.whl", hash = "sha256:9e80eba8801c386f72e0712a0453431259c45c3249f0009aff537a517b52942b", size = 208565 },
    { url = "https://files.pythonhosted.org/packages/97/0a/d89bc2d1cc61d3a8dfe9e9d75217b2be85f6c73ebf1b9e3c2f4e797f4531/coverage-7.6.10-cp313-cp313-manylinux_2_17_aarch64.manylinux2014_aarch64.whl", hash = "sha256:a372c89c939d57abe09e08c0578c1d212e7a678135d53aa16eec4430adc5e690", size = 241083 },
    { url = "https://files.pythonhosted.org/packages/4c/81/6d64b88a00c7a7aaed3a657b8eaa0931f37a6395fcef61e53ff742b49c97/coverage-7.6.10-cp313-cp313-manylinux_2_5_i686.manylinux1_i686.manylinux_2_17_i686.manylinux2014_i686.whl", hash = "sha256:ec22b5e7fe7a0fa8509181c4aac1db48f3dd4d3a566131b313d1efc102892c18", size = 238235 },
    { url = "https://files.pythonhosted.org/packages/9a/0b/7797d4193f5adb4b837207ed87fecf5fc38f7cc612b369a8e8e12d9fa114/coverage-7.6.10-cp313-cp313-manylinux_2_5_x86_64.manylinux1_x86_64.manylinux_2_17_x86_64.manylinux2014_x86_64.whl", hash = "sha256:26bcf5c4df41cad1b19c84af71c22cbc9ea9a547fc973f1f2cc9a290002c8b3c", size = 240220 },
    { url = "https://files.pythonhosted.org/packages/65/4d/6f83ca1bddcf8e51bf8ff71572f39a1c73c34cf50e752a952c34f24d0a60/coverage-7.6.10-cp313-cp313-musllinux_1_2_aarch64.whl", hash = "sha256:4e4630c26b6084c9b3cb53b15bd488f30ceb50b73c35c5ad7871b869cb7365fd", size = 239847 },
    { url = "https://files.pythonhosted.org/packages/30/9d/2470df6aa146aff4c65fee0f87f58d2164a67533c771c9cc12ffcdb865d5/coverage-7.6.10-cp313-cp313-musllinux_1_2_i686.whl", hash = "sha256:2396e8116db77789f819d2bc8a7e200232b7a282c66e0ae2d2cd84581a89757e", size = 237922 },
    { url = "https://files.pythonhosted.org/packages/08/dd/723fef5d901e6a89f2507094db66c091449c8ba03272861eaefa773ad95c/coverage-7.6.10-cp313-cp313-musllinux_1_2_x86_64.whl", hash = "sha256:79109c70cc0882e4d2d002fe69a24aa504dec0cc17169b3c7f41a1d341a73694", size = 239783 },
    { url = "https://files.pythonhosted.org/packages/3d/f7/64d3298b2baf261cb35466000628706ce20a82d42faf9b771af447cd2b76/coverage-7.6.10-cp313-cp313-win32.whl", hash = "sha256:9e1747bab246d6ff2c4f28b4d186b205adced9f7bd9dc362051cc37c4a0c7bd6", size = 210965 },
    { url = "https://files.pythonhosted.org/packages/d5/58/ec43499a7fc681212fe7742fe90b2bc361cdb72e3181ace1604247a5b24d/coverage-7.6.10-cp313-cp313-win_amd64.whl", hash = "sha256:254f1a3b1eef5f7ed23ef265eaa89c65c8c5b6b257327c149db1ca9d4a35f25e", size = 211719 },
    { url = "https://files.pythonhosted.org/packages/ab/c9/f2857a135bcff4330c1e90e7d03446b036b2363d4ad37eb5e3a47bbac8a6/coverage-7.6.10-cp313-cp313t-macosx_10_13_x86_64.whl", hash = "sha256:2ccf240eb719789cedbb9fd1338055de2761088202a9a0b73032857e53f612fe", size = 209050 },
    { url = "https://files.pythonhosted.org/packages/aa/b3/f840e5bd777d8433caa9e4a1eb20503495709f697341ac1a8ee6a3c906ad/coverage-7.6.10-cp313-cp313t-macosx_11_0_arm64.whl", hash = "sha256:0c807ca74d5a5e64427c8805de15b9ca140bba13572d6d74e262f46f50b13273", size = 209321 },
    { url = "https://files.pythonhosted.org/packages/85/7d/125a5362180fcc1c03d91850fc020f3831d5cda09319522bcfa6b2b70be7/coverage-7.6.10-cp313-cp313t-manylinux_2_17_aarch64.manylinux2014_aarch64.whl", hash = "sha256:2bcfa46d7709b5a7ffe089075799b902020b62e7ee56ebaed2f4bdac04c508d8", size = 252039 },
    { url = "https://files.pythonhosted.org/packages/a9/9c/4358bf3c74baf1f9bddd2baf3756b54c07f2cfd2535f0a47f1e7757e54b3/coverage-7.6.10-cp313-cp313t-manylinux_2_5_i686.manylinux1_i686.manylinux_2_17_i686.manylinux2014_i686.whl", hash = "sha256:4e0de1e902669dccbf80b0415fb6b43d27edca2fbd48c74da378923b05316098", size = 247758 },
    { url = "https://files.pythonhosted.org/packages/cf/c7/de3eb6fc5263b26fab5cda3de7a0f80e317597a4bad4781859f72885f300/coverage-7.6.10-cp313-cp313t-manylinux_2_5_x86_64.manylinux1_x86_64.manylinux_2_17_x86_64.manylinux2014_x86_64.whl", hash = "sha256:3f7b444c42bbc533aaae6b5a2166fd1a797cdb5eb58ee51a92bee1eb94a1e1cb", size = 250119 },
    { url = "https://files.pythonhosted.org/packages/3e/e6/43de91f8ba2ec9140c6a4af1102141712949903dc732cf739167cfa7a3bc/coverage-7.6.10-cp313-cp313t-musllinux_1_2_aarch64.whl", hash = "sha256:b330368cb99ef72fcd2dc3ed260adf67b31499584dc8a20225e85bfe6f6cfed0", size = 249597 },
    { url = "https://files.pythonhosted.org/packages/08/40/61158b5499aa2adf9e37bc6d0117e8f6788625b283d51e7e0c53cf340530/coverage-7.6.10-cp313-cp313t-musllinux_1_2_i686.whl", hash = "sha256:9a7cfb50515f87f7ed30bc882f68812fd98bc2852957df69f3003d22a2aa0abf", size = 247473 },
    { url = "https://files.pythonhosted.org/packages/50/69/b3f2416725621e9f112e74e8470793d5b5995f146f596f133678a633b77e/coverage-7.6.10-cp313-cp313t-musllinux_1_2_x86_64.whl", hash = "sha256:6f93531882a5f68c28090f901b1d135de61b56331bba82028489bc51bdd818d2", size = 248737 },
    { url = "https://files.pythonhosted.org/packages/3c/6e/fe899fb937657db6df31cc3e61c6968cb56d36d7326361847440a430152e/coverage-7.6.10-cp313-cp313t-win32.whl", hash = "sha256:89d76815a26197c858f53c7f6a656686ec392b25991f9e409bcef020cd532312", size = 211611 },
    { url = "https://files.pythonhosted.org/packages/1c/55/52f5e66142a9d7bc93a15192eba7a78513d2abf6b3558d77b4ca32f5f424/coverage-7.6.10-cp313-cp313t-win_amd64.whl", hash = "sha256:54a5f0f43950a36312155dae55c505a76cd7f2b12d26abeebbe7a0b36dbc868d", size = 212781 },
]

[[package]]
name = "decorator"
version = "5.1.1"
source = { registry = "https://pypi.org/simple" }
sdist = { url = "https://files.pythonhosted.org/packages/66/0c/8d907af351aa16b42caae42f9d6aa37b900c67308052d10fdce809f8d952/decorator-5.1.1.tar.gz", hash = "sha256:637996211036b6385ef91435e4fae22989472f9d571faba8927ba8253acbc330", size = 35016 }
wheels = [
    { url = "https://files.pythonhosted.org/packages/d5/50/83c593b07763e1161326b3b8c6686f0f4b0f24d5526546bee538c89837d6/decorator-5.1.1-py3-none-any.whl", hash = "sha256:b8c3f85900b9dc423225913c5aace94729fe1fa9763b38939a95226f02d37186", size = 9073 },
]

[[package]]
name = "executing"
version = "2.1.0"
source = { registry = "https://pypi.org/simple" }
sdist = { url = "https://files.pythonhosted.org/packages/8c/e3/7d45f492c2c4a0e8e0fad57d081a7c8a0286cdd86372b070cca1ec0caa1e/executing-2.1.0.tar.gz", hash = "sha256:8ea27ddd260da8150fa5a708269c4a10e76161e2496ec3e587da9e3c0fe4b9ab", size = 977485 }
wheels = [
    { url = "https://files.pythonhosted.org/packages/b5/fd/afcd0496feca3276f509df3dbd5dae726fcc756f1a08d9e25abe1733f962/executing-2.1.0-py2.py3-none-any.whl", hash = "sha256:8d63781349375b5ebccc3142f4b30350c0cd9c79f921cde38be2be4637e98eaf", size = 25805 },
]

[[package]]
name = "idna"
version = "3.10"
source = { registry = "https://pypi.org/simple" }
sdist = { url = "https://files.pythonhosted.org/packages/f1/70/7703c29685631f5a7590aa73f1f1d3fa9a380e654b86af429e0934a32f7d/idna-3.10.tar.gz", hash = "sha256:12f65c9b470abda6dc35cf8e63cc574b1c52b11df2c86030af0ac09b01b13ea9", size = 190490 }
wheels = [
    { url = "https://files.pythonhosted.org/packages/76/c6/c88e154df9c4e1a2a66ccf0005a88dfb2650c1dffb6f5ce603dfbd452ce3/idna-3.10-py3-none-any.whl", hash = "sha256:946d195a0d259cbba61165e88e65941f16e9b36ea6ddb97f00452bae8b1287d3", size = 70442 },
]

[[package]]
name = "ipython"
version = "8.31.0"
source = { registry = "https://pypi.org/simple" }
dependencies = [
    { name = "colorama", marker = "sys_platform == 'win32'" },
    { name = "decorator" },
    { name = "jedi" },
    { name = "matplotlib-inline" },
    { name = "pexpect", marker = "sys_platform != 'emscripten' and sys_platform != 'win32'" },
    { name = "prompt-toolkit" },
    { name = "pygments" },
    { name = "stack-data" },
    { name = "traitlets" },
]
sdist = { url = "https://files.pythonhosted.org/packages/01/35/6f90fdddff7a08b7b715fccbd2427b5212c9525cd043d26fdc45bee0708d/ipython-8.31.0.tar.gz", hash = "sha256:b6a2274606bec6166405ff05e54932ed6e5cfecaca1fc05f2cacde7bb074d70b", size = 5501011 }
wheels = [
    { url = "https://files.pythonhosted.org/packages/04/60/d0feb6b6d9fe4ab89fe8fe5b47cbf6cd936bfd9f1e7ffa9d0015425aeed6/ipython-8.31.0-py3-none-any.whl", hash = "sha256:46ec58f8d3d076a61d128fe517a51eb730e3aaf0c184ea8c17d16e366660c6a6", size = 821583 },
]

[[package]]
name = "jedi"
version = "0.19.2"
source = { registry = "https://pypi.org/simple" }
dependencies = [
    { name = "parso" },
]
sdist = { url = "https://files.pythonhosted.org/packages/72/3a/79a912fbd4d8dd6fbb02bf69afd3bb72cf0c729bb3063c6f4498603db17a/jedi-0.19.2.tar.gz", hash = "sha256:4770dc3de41bde3966b02eb84fbcf557fb33cce26ad23da12c742fb50ecb11f0", size = 1231287 }
wheels = [
    { url = "https://files.pythonhosted.org/packages/c0/5a/9cac0c82afec3d09ccd97c8b6502d48f165f9124db81b4bcb90b4af974ee/jedi-0.19.2-py2.py3-none-any.whl", hash = "sha256:a8ef22bde8490f57fe5c7681a3c83cb58874daf72b4784de3cce5b6ef6edb5b9", size = 1572278 },
]

[[package]]
name = "jinja2"
version = "3.1.5"
source = { registry = "https://pypi.org/simple" }
dependencies = [
    { name = "markupsafe" },
]
sdist = { url = "https://files.pythonhosted.org/packages/af/92/b3130cbbf5591acf9ade8708c365f3238046ac7cb8ccba6e81abccb0ccff/jinja2-3.1.5.tar.gz", hash = "sha256:8fefff8dc3034e27bb80d67c671eb8a9bc424c0ef4c0826edbff304cceff43bb", size = 244674 }
wheels = [
    { url = "https://files.pythonhosted.org/packages/bd/0f/2ba5fbcd631e3e88689309dbe978c5769e883e4b84ebfe7da30b43275c5a/jinja2-3.1.5-py3-none-any.whl", hash = "sha256:aba0f4dc9ed8013c424088f68a5c226f7d6097ed89b246d7749c2ec4175c6adb", size = 134596 },
]

[[package]]
name = "markupsafe"
version = "3.0.2"
source = { registry = "https://pypi.org/simple" }
sdist = { url = "https://files.pythonhosted.org/packages/b2/97/5d42485e71dfc078108a86d6de8fa46db44a1a9295e89c5d6d4a06e23a62/markupsafe-3.0.2.tar.gz", hash = "sha256:ee55d3edf80167e48ea11a923c7386f4669df67d7994554387f84e7d8b0a2bf0", size = 20537 }
wheels = [
    { url = "https://files.pythonhosted.org/packages/83/0e/67eb10a7ecc77a0c2bbe2b0235765b98d164d81600746914bebada795e97/MarkupSafe-3.0.2-cp313-cp313-macosx_10_13_universal2.whl", hash = "sha256:ba9527cdd4c926ed0760bc301f6728ef34d841f405abf9d4f959c478421e4efd", size = 14274 },
    { url = "https://files.pythonhosted.org/packages/2b/6d/9409f3684d3335375d04e5f05744dfe7e9f120062c9857df4ab490a1031a/MarkupSafe-3.0.2-cp313-cp313-macosx_11_0_arm64.whl", hash = "sha256:f8b3d067f2e40fe93e1ccdd6b2e1d16c43140e76f02fb1319a05cf2b79d99430", size = 12352 },
    { url = "https://files.pythonhosted.org/packages/d2/f5/6eadfcd3885ea85fe2a7c128315cc1bb7241e1987443d78c8fe712d03091/MarkupSafe-3.0.2-cp313-cp313-manylinux_2_17_aarch64.manylinux2014_aarch64.whl", hash = "sha256:569511d3b58c8791ab4c2e1285575265991e6d8f8700c7be0e88f86cb0672094", size = 24122 },
    { url = "https://files.pythonhosted.org/packages/0c/91/96cf928db8236f1bfab6ce15ad070dfdd02ed88261c2afafd4b43575e9e9/MarkupSafe-3.0.2-cp313-cp313-manylinux_2_17_x86_64.manylinux2014_x86_64.whl", hash = "sha256:15ab75ef81add55874e7ab7055e9c397312385bd9ced94920f2802310c930396", size = 23085 },
    { url = "https://files.pythonhosted.org/packages/c2/cf/c9d56af24d56ea04daae7ac0940232d31d5a8354f2b457c6d856b2057d69/MarkupSafe-3.0.2-cp313-cp313-manylinux_2_5_i686.manylinux1_i686.manylinux_2_17_i686.manylinux2014_i686.whl", hash = "sha256:f3818cb119498c0678015754eba762e0d61e5b52d34c8b13d770f0719f7b1d79", size = 22978 },
    { url = "https://files.pythonhosted.org/packages/2a/9f/8619835cd6a711d6272d62abb78c033bda638fdc54c4e7f4272cf1c0962b/MarkupSafe-3.0.2-cp313-cp313-musllinux_1_2_aarch64.whl", hash = "sha256:cdb82a876c47801bb54a690c5ae105a46b392ac6099881cdfb9f6e95e4014c6a", size = 24208 },
    { url = "https://files.pythonhosted.org/packages/f9/bf/176950a1792b2cd2102b8ffeb5133e1ed984547b75db47c25a67d3359f77/MarkupSafe-3.0.2-cp313-cp313-musllinux_1_2_i686.whl", hash = "sha256:cabc348d87e913db6ab4aa100f01b08f481097838bdddf7c7a84b7575b7309ca", size = 23357 },
    { url = "https://files.pythonhosted.org/packages/ce/4f/9a02c1d335caabe5c4efb90e1b6e8ee944aa245c1aaaab8e8a618987d816/MarkupSafe-3.0.2-cp313-cp313-musllinux_1_2_x86_64.whl", hash = "sha256:444dcda765c8a838eaae23112db52f1efaf750daddb2d9ca300bcae1039adc5c", size = 23344 },
    { url = "https://files.pythonhosted.org/packages/ee/55/c271b57db36f748f0e04a759ace9f8f759ccf22b4960c270c78a394f58be/MarkupSafe-3.0.2-cp313-cp313-win32.whl", hash = "sha256:bcf3e58998965654fdaff38e58584d8937aa3096ab5354d493c77d1fdd66d7a1", size = 15101 },
    { url = "https://files.pythonhosted.org/packages/29/88/07df22d2dd4df40aba9f3e402e6dc1b8ee86297dddbad4872bd5e7b0094f/MarkupSafe-3.0.2-cp313-cp313-win_amd64.whl", hash = "sha256:e6a2a455bd412959b57a172ce6328d2dd1f01cb2135efda2e4576e8a23fa3b0f", size = 15603 },
    { url = "https://files.pythonhosted.org/packages/62/6a/8b89d24db2d32d433dffcd6a8779159da109842434f1dd2f6e71f32f738c/MarkupSafe-3.0.2-cp313-cp313t-macosx_10_13_universal2.whl", hash = "sha256:b5a6b3ada725cea8a5e634536b1b01c30bcdcd7f9c6fff4151548d5bf6b3a36c", size = 14510 },
    { url = "https://files.pythonhosted.org/packages/7a/06/a10f955f70a2e5a9bf78d11a161029d278eeacbd35ef806c3fd17b13060d/MarkupSafe-3.0.2-cp313-cp313t-macosx_11_0_arm64.whl", hash = "sha256:a904af0a6162c73e3edcb969eeeb53a63ceeb5d8cf642fade7d39e7963a22ddb", size = 12486 },
    { url = "https://files.pythonhosted.org/packages/34/cf/65d4a571869a1a9078198ca28f39fba5fbb910f952f9dbc5220afff9f5e6/MarkupSafe-3.0.2-cp313-cp313t-manylinux_2_17_aarch64.manylinux2014_aarch64.whl", hash = "sha256:4aa4e5faecf353ed117801a068ebab7b7e09ffb6e1d5e412dc852e0da018126c", size = 25480 },
    { url = "https://files.pythonhosted.org/packages/0c/e3/90e9651924c430b885468b56b3d597cabf6d72be4b24a0acd1fa0e12af67/MarkupSafe-3.0.2-cp313-cp313t-manylinux_2_17_x86_64.manylinux2014_x86_64.whl", hash = "sha256:c0ef13eaeee5b615fb07c9a7dadb38eac06a0608b41570d8ade51c56539e509d", size = 23914 },
    { url = "https://files.pythonhosted.org/packages/66/8c/6c7cf61f95d63bb866db39085150df1f2a5bd3335298f14a66b48e92659c/MarkupSafe-3.0.2-cp313-cp313t-manylinux_2_5_i686.manylinux1_i686.manylinux_2_17_i686.manylinux2014_i686.whl", hash = "sha256:d16a81a06776313e817c951135cf7340a3e91e8c1ff2fac444cfd75fffa04afe", size = 23796 },
    { url = "https://files.pythonhosted.org/packages/bb/35/cbe9238ec3f47ac9a7c8b3df7a808e7cb50fe149dc7039f5f454b3fba218/MarkupSafe-3.0.2-cp313-cp313t-musllinux_1_2_aarch64.whl", hash = "sha256:6381026f158fdb7c72a168278597a5e3a5222e83ea18f543112b2662a9b699c5", size = 25473 },
    { url = "https://files.pythonhosted.org/packages/e6/32/7621a4382488aa283cc05e8984a9c219abad3bca087be9ec77e89939ded9/MarkupSafe-3.0.2-cp313-cp313t-musllinux_1_2_i686.whl", hash = "sha256:3d79d162e7be8f996986c064d1c7c817f6df3a77fe3d6859f6f9e7be4b8c213a", size = 24114 },
    { url = "https://files.pythonhosted.org/packages/0d/80/0985960e4b89922cb5a0bac0ed39c5b96cbc1a536a99f30e8c220a996ed9/MarkupSafe-3.0.2-cp313-cp313t-musllinux_1_2_x86_64.whl", hash = "sha256:131a3c7689c85f5ad20f9f6fb1b866f402c445b220c19fe4308c0b147ccd2ad9", size = 24098 },
    { url = "https://files.pythonhosted.org/packages/82/78/fedb03c7d5380df2427038ec8d973587e90561b2d90cd472ce9254cf348b/MarkupSafe-3.0.2-cp313-cp313t-win32.whl", hash = "sha256:ba8062ed2cf21c07a9e295d5b8a2a5ce678b913b45fdf68c32d95d6c1291e0b6", size = 15208 },
    { url = "https://files.pythonhosted.org/packages/4f/65/6079a46068dfceaeabb5dcad6d674f5f5c61a6fa5673746f42a9f4c233b3/MarkupSafe-3.0.2-cp313-cp313t-win_amd64.whl", hash = "sha256:e444a31f8db13eb18ada366ab3cf45fd4b31e4db1236a4448f68778c1d1a5a2f", size = 15739 },
]

[[package]]
name = "matplotlib-inline"
version = "0.1.7"
source = { registry = "https://pypi.org/simple" }
dependencies = [
    { name = "traitlets" },
]
sdist = { url = "https://files.pythonhosted.org/packages/99/5b/a36a337438a14116b16480db471ad061c36c3694df7c2084a0da7ba538b7/matplotlib_inline-0.1.7.tar.gz", hash = "sha256:8423b23ec666be3d16e16b60bdd8ac4e86e840ebd1dd11a30b9f117f2fa0ab90", size = 8159 }
wheels = [
    { url = "https://files.pythonhosted.org/packages/8f/8e/9ad090d3553c280a8060fbf6e24dc1c0c29704ee7d1c372f0c174aa59285/matplotlib_inline-0.1.7-py3-none-any.whl", hash = "sha256:df192d39a4ff8f21b1895d72e6a13f5fcc5099f00fa84384e0ea28c2cc0653ca", size = 9899 },
]

[[package]]
name = "mypy"
version = "1.14.0"
source = { registry = "https://pypi.org/simple" }
dependencies = [
    { name = "mypy-extensions" },
    { name = "typing-extensions" },
]
sdist = { url = "https://files.pythonhosted.org/packages/8c/7b/08046ef9330735f536a09a2e31b00f42bccdb2795dcd979636ba43bb2d63/mypy-1.14.0.tar.gz", hash = "sha256:822dbd184d4a9804df5a7d5335a68cf7662930e70b8c1bc976645d1509f9a9d6", size = 3215684 }
wheels = [
    { url = "https://files.pythonhosted.org/packages/13/33/8380efd0ebdfdfac7fc0bf065f03a049800ca1e6c296ec1afc634340d992/mypy-1.14.0-cp313-cp313-macosx_10_13_x86_64.whl", hash = "sha256:e9f6f4c0b27401d14c483c622bc5105eff3911634d576bbdf6695b9a7c1ba741", size = 11251509 },
    { url = "https://files.pythonhosted.org/packages/15/6d/4e1c21c60fee11af7d8e4f2902a29886d1387d6a836be16229eb3982a963/mypy-1.14.0-cp313-cp313-macosx_11_0_arm64.whl", hash = "sha256:56b2280cedcb312c7a79f5001ae5325582d0d339bce684e4a529069d0e7ca1e7", size = 10244282 },
    { url = "https://files.pythonhosted.org/packages/8b/cf/7a8ae5c0161edae15d25c2c67c68ce8b150cbdc45aefc13a8be271ee80b2/mypy-1.14.0-cp313-cp313-manylinux_2_17_x86_64.manylinux2014_x86_64.manylinux_2_28_x86_64.whl", hash = "sha256:342de51c48bab326bfc77ce056ba08c076d82ce4f5a86621f972ed39970f94d8", size = 12867676 },
    { url = "https://files.pythonhosted.org/packages/9c/d0/71f7bbdcc7cfd0f2892db5b13b1e8857673f2cc9e0c30e3e4340523dc186/mypy-1.14.0-cp313-cp313-musllinux_1_2_x86_64.whl", hash = "sha256:00df23b42e533e02a6f0055e54de9a6ed491cd8b7ea738647364fd3a39ea7efc", size = 12964189 },
    { url = "https://files.pythonhosted.org/packages/a7/40/fb4ad65d6d5f8c51396ecf6305ec0269b66013a5bf02d0e9528053640b4a/mypy-1.14.0-cp313-cp313-win_amd64.whl", hash = "sha256:e8c8387e5d9dff80e7daf961df357c80e694e942d9755f3ad77d69b0957b8e3f", size = 9888247 },
    { url = "https://files.pythonhosted.org/packages/39/32/0214608af400cdf8f5102144bb8af10d880675c65ed0b58f7e0e77175d50/mypy-1.14.0-py3-none-any.whl", hash = "sha256:2238d7f93fc4027ed1efc944507683df3ba406445a2b6c96e79666a045aadfab", size = 2752803 },
]

[[package]]
name = "mypy-extensions"
version = "1.0.0"
source = { registry = "https://pypi.org/simple" }
sdist = { url = "https://files.pythonhosted.org/packages/98/a4/1ab47638b92648243faf97a5aeb6ea83059cc3624972ab6b8d2316078d3f/mypy_extensions-1.0.0.tar.gz", hash = "sha256:75dbf8955dc00442a438fc4d0666508a9a97b6bd41aa2f0ffe9d2f2725af0782", size = 4433 }
wheels = [
    { url = "https://files.pythonhosted.org/packages/2a/e2/5d3f6ada4297caebe1a2add3b126fe800c96f56dbe5d1988a2cbe0b267aa/mypy_extensions-1.0.0-py3-none-any.whl", hash = "sha256:4392f6c0eb8a5668a69e23d168ffa70f0be9ccfd32b5cc2d26a34ae5b844552d", size = 4695 },
]

[[package]]
name = "numpy"
version = "2.2.1"
source = { registry = "https://pypi.org/simple" }
sdist = { url = "https://files.pythonhosted.org/packages/f2/a5/fdbf6a7871703df6160b5cf3dd774074b086d278172285c52c2758b76305/numpy-2.2.1.tar.gz", hash = "sha256:45681fd7128c8ad1c379f0ca0776a8b0c6583d2f69889ddac01559dfe4390918", size = 20227662 }
wheels = [
    { url = "https://files.pythonhosted.org/packages/20/d6/91a26e671c396e0c10e327b763485ee295f5a5a7a48c553f18417e5a0ed5/numpy-2.2.1-cp313-cp313-macosx_10_13_x86_64.whl", hash = "sha256:f1d09e520217618e76396377c81fba6f290d5f926f50c35f3a5f72b01a0da780", size = 20896464 },
    { url = "https://files.pythonhosted.org/packages/8c/40/5792ccccd91d45e87d9e00033abc4f6ca8a828467b193f711139ff1f1cd9/numpy-2.2.1-cp313-cp313-macosx_11_0_arm64.whl", hash = "sha256:3ecc47cd7f6ea0336042be87d9e7da378e5c7e9b3c8ad0f7c966f714fc10d821", size = 14111350 },
    { url = "https://files.pythonhosted.org/packages/c0/2a/fb0a27f846cb857cef0c4c92bef89f133a3a1abb4e16bba1c4dace2e9b49/numpy-2.2.1-cp313-cp313-macosx_14_0_arm64.whl", hash = "sha256:f419290bc8968a46c4933158c91a0012b7a99bb2e465d5ef5293879742f8797e", size = 5111629 },
    { url = "https://files.pythonhosted.org/packages/eb/e5/8e81bb9d84db88b047baf4e8b681a3e48d6390bc4d4e4453eca428ecbb49/numpy-2.2.1-cp313-cp313-macosx_14_0_x86_64.whl", hash = "sha256:5b6c390bfaef8c45a260554888966618328d30e72173697e5cabe6b285fb2348", size = 6645865 },
    { url = "https://files.pythonhosted.org/packages/7a/1a/a90ceb191dd2f9e2897c69dde93ccc2d57dd21ce2acbd7b0333e8eea4e8d/numpy-2.2.1-cp313-cp313-manylinux_2_17_aarch64.manylinux2014_aarch64.whl", hash = "sha256:526fc406ab991a340744aad7e25251dd47a6720a685fa3331e5c59fef5282a59", size = 14043508 },
    { url = "https://files.pythonhosted.org/packages/f1/5a/e572284c86a59dec0871a49cd4e5351e20b9c751399d5f1d79628c0542cb/numpy-2.2.1-cp313-cp313-manylinux_2_17_x86_64.manylinux2014_x86_64.whl", hash = "sha256:f74e6fdeb9a265624ec3a3918430205dff1df7e95a230779746a6af78bc615af", size = 16094100 },
    { url = "https://files.pythonhosted.org/packages/0c/2c/a79d24f364788386d85899dd280a94f30b0950be4b4a545f4fa4ed1d4ca7/numpy-2.2.1-cp313-cp313-musllinux_1_2_aarch64.whl", hash = "sha256:53c09385ff0b72ba79d8715683c1168c12e0b6e84fb0372e97553d1ea91efe51", size = 15239691 },
    { url = "https://files.pythonhosted.org/packages/cf/79/1e20fd1c9ce5a932111f964b544facc5bb9bde7865f5b42f00b4a6a9192b/numpy-2.2.1-cp313-cp313-musllinux_1_2_x86_64.whl", hash = "sha256:f3eac17d9ec51be534685ba877b6ab5edc3ab7ec95c8f163e5d7b39859524716", size = 17856571 },
    { url = "https://files.pythonhosted.org/packages/be/5b/cc155e107f75d694f562bdc84a26cc930569f3dfdfbccb3420b626065777/numpy-2.2.1-cp313-cp313-win32.whl", hash = "sha256:9ad014faa93dbb52c80d8f4d3dcf855865c876c9660cb9bd7553843dd03a4b1e", size = 6270841 },
    { url = "https://files.pythonhosted.org/packages/44/be/0e5cd009d2162e4138d79a5afb3b5d2341f0fe4777ab6e675aa3d4a42e21/numpy-2.2.1-cp313-cp313-win_amd64.whl", hash = "sha256:164a829b6aacf79ca47ba4814b130c4020b202522a93d7bff2202bfb33b61c60", size = 12606618 },
    { url = "https://files.pythonhosted.org/packages/a8/87/04ddf02dd86fb17c7485a5f87b605c4437966d53de1e3745d450343a6f56/numpy-2.2.1-cp313-cp313t-macosx_10_13_x86_64.whl", hash = "sha256:4dfda918a13cc4f81e9118dea249e192ab167a0bb1966272d5503e39234d694e", size = 20921004 },
    { url = "https://files.pythonhosted.org/packages/6e/3e/d0e9e32ab14005425d180ef950badf31b862f3839c5b927796648b11f88a/numpy-2.2.1-cp313-cp313t-macosx_11_0_arm64.whl", hash = "sha256:733585f9f4b62e9b3528dd1070ec4f52b8acf64215b60a845fa13ebd73cd0712", size = 14119910 },
    { url = "https://files.pythonhosted.org/packages/b5/5b/aa2d1905b04a8fb681e08742bb79a7bddfc160c7ce8e1ff6d5c821be0236/numpy-2.2.1-cp313-cp313t-macosx_14_0_arm64.whl", hash = "sha256:89b16a18e7bba224ce5114db863e7029803c179979e1af6ad6a6b11f70545008", size = 5153612 },
    { url = "https://files.pythonhosted.org/packages/ce/35/6831808028df0648d9b43c5df7e1051129aa0d562525bacb70019c5f5030/numpy-2.2.1-cp313-cp313t-macosx_14_0_x86_64.whl", hash = "sha256:676f4eebf6b2d430300f1f4f4c2461685f8269f94c89698d832cdf9277f30b84", size = 6668401 },
    { url = "https://files.pythonhosted.org/packages/b1/38/10ef509ad63a5946cc042f98d838daebfe7eaf45b9daaf13df2086b15ff9/numpy-2.2.1-cp313-cp313t-manylinux_2_17_aarch64.manylinux2014_aarch64.whl", hash = "sha256:27f5cdf9f493b35f7e41e8368e7d7b4bbafaf9660cba53fb21d2cd174ec09631", size = 14014198 },
    { url = "https://files.pythonhosted.org/packages/df/f8/c80968ae01df23e249ee0a4487fae55a4c0fe2f838dfe9cc907aa8aea0fa/numpy-2.2.1-cp313-cp313t-manylinux_2_17_x86_64.manylinux2014_x86_64.whl", hash = "sha256:c1ad395cf254c4fbb5b2132fee391f361a6e8c1adbd28f2cd8e79308a615fe9d", size = 16076211 },
    { url = "https://files.pythonhosted.org/packages/09/69/05c169376016a0b614b432967ac46ff14269eaffab80040ec03ae1ae8e2c/numpy-2.2.1-cp313-cp313t-musllinux_1_2_aarch64.whl", hash = "sha256:08ef779aed40dbc52729d6ffe7dd51df85796a702afbf68a4f4e41fafdc8bda5", size = 15220266 },
    { url = "https://files.pythonhosted.org/packages/f1/ff/94a4ce67ea909f41cf7ea712aebbe832dc67decad22944a1020bb398a5ee/numpy-2.2.1-cp313-cp313t-musllinux_1_2_x86_64.whl", hash = "sha256:26c9c4382b19fcfbbed3238a14abf7ff223890ea1936b8890f058e7ba35e8d71", size = 17852844 },
    { url = "https://files.pythonhosted.org/packages/46/72/8a5dbce4020dfc595592333ef2fbb0a187d084ca243b67766d29d03e0096/numpy-2.2.1-cp313-cp313t-win32.whl", hash = "sha256:93cf4e045bae74c90ca833cba583c14b62cb4ba2cba0abd2b141ab52548247e2", size = 6326007 },
    { url = "https://files.pythonhosted.org/packages/7b/9c/4fce9cf39dde2562584e4cfd351a0140240f82c0e3569ce25a250f47037d/numpy-2.2.1-cp313-cp313t-win_amd64.whl", hash = "sha256:bff7d8ec20f5f42607599f9994770fa65d76edca264a87b5e4ea5629bce12268", size = 12693107 },
]

[[package]]
name = "pandas"
version = "2.2.3"
source = { registry = "https://pypi.org/simple" }
dependencies = [
    { name = "numpy" },
    { name = "python-dateutil" },
    { name = "pytz" },
    { name = "tzdata" },
]
sdist = { url = "https://files.pythonhosted.org/packages/9c/d6/9f8431bacc2e19dca897724cd097b1bb224a6ad5433784a44b587c7c13af/pandas-2.2.3.tar.gz", hash = "sha256:4f18ba62b61d7e192368b84517265a99b4d7ee8912f8708660fb4a366cc82667", size = 4399213 }
wheels = [
    { url = "https://files.pythonhosted.org/packages/64/22/3b8f4e0ed70644e85cfdcd57454686b9057c6c38d2f74fe4b8bc2527214a/pandas-2.2.3-cp313-cp313-macosx_10_13_x86_64.whl", hash = "sha256:f00d1345d84d8c86a63e476bb4955e46458b304b9575dcf71102b5c705320015", size = 12477643 },
    { url = "https://files.pythonhosted.org/packages/e4/93/b3f5d1838500e22c8d793625da672f3eec046b1a99257666c94446969282/pandas-2.2.3-cp313-cp313-macosx_11_0_arm64.whl", hash = "sha256:3508d914817e153ad359d7e069d752cdd736a247c322d932eb89e6bc84217f28", size = 11281573 },
    { url = "https://files.pythonhosted.org/packages/f5/94/6c79b07f0e5aab1dcfa35a75f4817f5c4f677931d4234afcd75f0e6a66ca/pandas-2.2.3-cp313-cp313-manylinux2014_aarch64.manylinux_2_17_aarch64.whl", hash = "sha256:22a9d949bfc9a502d320aa04e5d02feab689d61da4e7764b62c30b991c42c5f0", size = 15196085 },
    { url = "https://files.pythonhosted.org/packages/e8/31/aa8da88ca0eadbabd0a639788a6da13bb2ff6edbbb9f29aa786450a30a91/pandas-2.2.3-cp313-cp313-manylinux_2_17_x86_64.manylinux2014_x86_64.whl", hash = "sha256:f3a255b2c19987fbbe62a9dfd6cff7ff2aa9ccab3fc75218fd4b7530f01efa24", size = 12711809 },
    { url = "https://files.pythonhosted.org/packages/ee/7c/c6dbdb0cb2a4344cacfb8de1c5808ca885b2e4dcfde8008266608f9372af/pandas-2.2.3-cp313-cp313-musllinux_1_2_aarch64.whl", hash = "sha256:800250ecdadb6d9c78eae4990da62743b857b470883fa27f652db8bdde7f6659", size = 16356316 },
    { url = "https://files.pythonhosted.org/packages/57/b7/8b757e7d92023b832869fa8881a992696a0bfe2e26f72c9ae9f255988d42/pandas-2.2.3-cp313-cp313-musllinux_1_2_x86_64.whl", hash = "sha256:6374c452ff3ec675a8f46fd9ab25c4ad0ba590b71cf0656f8b6daa5202bca3fb", size = 14022055 },
    { url = "https://files.pythonhosted.org/packages/3b/bc/4b18e2b8c002572c5a441a64826252ce5da2aa738855747247a971988043/pandas-2.2.3-cp313-cp313-win_amd64.whl", hash = "sha256:61c5ad4043f791b61dd4752191d9f07f0ae412515d59ba8f005832a532f8736d", size = 11481175 },
    { url = "https://files.pythonhosted.org/packages/76/a3/a5d88146815e972d40d19247b2c162e88213ef51c7c25993942c39dbf41d/pandas-2.2.3-cp313-cp313t-macosx_10_13_x86_64.whl", hash = "sha256:3b71f27954685ee685317063bf13c7709a7ba74fc996b84fc6821c59b0f06468", size = 12615650 },
    { url = "https://files.pythonhosted.org/packages/9c/8c/f0fd18f6140ddafc0c24122c8a964e48294acc579d47def376fef12bcb4a/pandas-2.2.3-cp313-cp313t-macosx_11_0_arm64.whl", hash = "sha256:38cf8125c40dae9d5acc10fa66af8ea6fdf760b2714ee482ca691fc66e6fcb18", size = 11290177 },
    { url = "https://files.pythonhosted.org/packages/ed/f9/e995754eab9c0f14c6777401f7eece0943840b7a9fc932221c19d1abee9f/pandas-2.2.3-cp313-cp313t-manylinux2014_aarch64.manylinux_2_17_aarch64.whl", hash = "sha256:ba96630bc17c875161df3818780af30e43be9b166ce51c9a18c1feae342906c2", size = 14651526 },
    { url = "https://files.pythonhosted.org/packages/25/b0/98d6ae2e1abac4f35230aa756005e8654649d305df9a28b16b9ae4353bff/pandas-2.2.3-cp313-cp313t-manylinux_2_17_x86_64.manylinux2014_x86_64.whl", hash = "sha256:1db71525a1538b30142094edb9adc10be3f3e176748cd7acc2240c2f2e5aa3a4", size = 11871013 },
    { url = "https://files.pythonhosted.org/packages/cc/57/0f72a10f9db6a4628744c8e8f0df4e6e21de01212c7c981d31e50ffc8328/pandas-2.2.3-cp313-cp313t-musllinux_1_2_aarch64.whl", hash = "sha256:15c0e1e02e93116177d29ff83e8b1619c93ddc9c49083f237d4312337a61165d", size = 15711620 },
    { url = "https://files.pythonhosted.org/packages/ab/5f/b38085618b950b79d2d9164a711c52b10aefc0ae6833b96f626b7021b2ed/pandas-2.2.3-cp313-cp313t-musllinux_1_2_x86_64.whl", hash = "sha256:ad5b65698ab28ed8d7f18790a0dc58005c7629f227be9ecc1072aa74c0c1d43a", size = 13098436 },
]

[[package]]
name = "parso"
version = "0.8.4"
source = { registry = "https://pypi.org/simple" }
sdist = { url = "https://files.pythonhosted.org/packages/66/94/68e2e17afaa9169cf6412ab0f28623903be73d1b32e208d9e8e541bb086d/parso-0.8.4.tar.gz", hash = "sha256:eb3a7b58240fb99099a345571deecc0f9540ea5f4dd2fe14c2a99d6b281ab92d", size = 400609 }
wheels = [
    { url = "https://files.pythonhosted.org/packages/c6/ac/dac4a63f978e4dcb3c6d3a78c4d8e0192a113d288502a1216950c41b1027/parso-0.8.4-py2.py3-none-any.whl", hash = "sha256:a418670a20291dacd2dddc80c377c5c3791378ee1e8d12bffc35420643d43f18", size = 103650 },
]

[[package]]
name = "pexpect"
version = "4.9.0"
source = { registry = "https://pypi.org/simple" }
dependencies = [
    { name = "ptyprocess" },
]
sdist = { url = "https://files.pythonhosted.org/packages/42/92/cc564bf6381ff43ce1f4d06852fc19a2f11d180f23dc32d9588bee2f149d/pexpect-4.9.0.tar.gz", hash = "sha256:ee7d41123f3c9911050ea2c2dac107568dc43b2d3b0c7557a33212c398ead30f", size = 166450 }
wheels = [
    { url = "https://files.pythonhosted.org/packages/9e/c3/059298687310d527a58bb01f3b1965787ee3b40dce76752eda8b44e9a2c5/pexpect-4.9.0-py2.py3-none-any.whl", hash = "sha256:7236d1e080e4936be2dc3e326cec0af72acf9212a7e1d060210e70a47e253523", size = 63772 },
]

[[package]]
name = "prompt-toolkit"
version = "3.0.48"
source = { registry = "https://pypi.org/simple" }
dependencies = [
    { name = "wcwidth" },
]
sdist = { url = "https://files.pythonhosted.org/packages/2d/4f/feb5e137aff82f7c7f3248267b97451da3644f6cdc218edfe549fb354127/prompt_toolkit-3.0.48.tar.gz", hash = "sha256:d6623ab0477a80df74e646bdbc93621143f5caf104206aa29294d53de1a03d90", size = 424684 }
wheels = [
    { url = "https://files.pythonhosted.org/packages/a9/6a/fd08d94654f7e67c52ca30523a178b3f8ccc4237fce4be90d39c938a831a/prompt_toolkit-3.0.48-py3-none-any.whl", hash = "sha256:f49a827f90062e411f1ce1f854f2aedb3c23353244f8108b89283587397ac10e", size = 386595 },
]

[[package]]
name = "ptyprocess"
version = "0.7.0"
source = { registry = "https://pypi.org/simple" }
sdist = { url = "https://files.pythonhosted.org/packages/20/e5/16ff212c1e452235a90aeb09066144d0c5a6a8c0834397e03f5224495c4e/ptyprocess-0.7.0.tar.gz", hash = "sha256:5c5d0a3b48ceee0b48485e0c26037c0acd7d29765ca3fbb5cb3831d347423220", size = 70762 }
wheels = [
    { url = "https://files.pythonhosted.org/packages/22/a6/858897256d0deac81a172289110f31629fc4cee19b6f01283303e18c8db3/ptyprocess-0.7.0-py2.py3-none-any.whl", hash = "sha256:4b41f3967fce3af57cc7e94b888626c18bf37a083e3651ca8feeb66d492fef35", size = 13993 },
]

[[package]]
name = "pure-eval"
version = "0.2.3"
source = { registry = "https://pypi.org/simple" }
sdist = { url = "https://files.pythonhosted.org/packages/cd/05/0a34433a064256a578f1783a10da6df098ceaa4a57bbeaa96a6c0352786b/pure_eval-0.2.3.tar.gz", hash = "sha256:5f4e983f40564c576c7c8635ae88db5956bb2229d7e9237d03b3c0b0190eaf42", size = 19752 }
wheels = [
    { url = "https://files.pythonhosted.org/packages/8e/37/efad0257dc6e593a18957422533ff0f87ede7c9c6ea010a2177d738fb82f/pure_eval-0.2.3-py3-none-any.whl", hash = "sha256:1db8e35b67b3d218d818ae653e27f06c3aa420901fa7b081ca98cbedc874e0d0", size = 11842 },
]

[[package]]
name = "pygments"
version = "2.18.0"
source = { registry = "https://pypi.org/simple" }
sdist = { url = "https://files.pythonhosted.org/packages/8e/62/8336eff65bcbc8e4cb5d05b55faf041285951b6e80f33e2bff2024788f31/pygments-2.18.0.tar.gz", hash = "sha256:786ff802f32e91311bff3889f6e9a86e81505fe99f2735bb6d60ae0c5004f199", size = 4891905 }
wheels = [
    { url = "https://files.pythonhosted.org/packages/f7/3f/01c8b82017c199075f8f788d0d906b9ffbbc5a47dc9918a945e13d5a2bda/pygments-2.18.0-py3-none-any.whl", hash = "sha256:b8e6aca0523f3ab76fee51799c488e38782ac06eafcf95e7ba832985c8e7b13a", size = 1205513 },
]

[[package]]
name = "python-dateutil"
version = "2.9.0.post0"
source = { registry = "https://pypi.org/simple" }
dependencies = [
    { name = "six" },
]
sdist = { url = "https://files.pythonhosted.org/packages/66/c0/0c8b6ad9f17a802ee498c46e004a0eb49bc148f2fd230864601a86dcf6db/python-dateutil-2.9.0.post0.tar.gz", hash = "sha256:37dd54208da7e1cd875388217d5e00ebd4179249f90fb72437e91a35459a0ad3", size = 342432 }
wheels = [
    { url = "https://files.pythonhosted.org/packages/ec/57/56b9bcc3c9c6a792fcbaf139543cee77261f3651ca9da0c93f5c1221264b/python_dateutil-2.9.0.post0-py2.py3-none-any.whl", hash = "sha256:a8b2bc7bffae282281c8140a97d3aa9c14da0b136dfe83f850eea9a5f7470427", size = 229892 },
]

[[package]]
name = "pytz"
version = "2024.2"
source = { registry = "https://pypi.org/simple" }
sdist = { url = "https://files.pythonhosted.org/packages/3a/31/3c70bf7603cc2dca0f19bdc53b4537a797747a58875b552c8c413d963a3f/pytz-2024.2.tar.gz", hash = "sha256:2aa355083c50a0f93fa581709deac0c9ad65cca8a9e9beac660adcbd493c798a", size = 319692 }
wheels = [
    { url = "https://files.pythonhosted.org/packages/11/c3/005fcca25ce078d2cc29fd559379817424e94885510568bc1bc53d7d5846/pytz-2024.2-py2.py3-none-any.whl", hash = "sha256:31c7c1817eb7fae7ca4b8c7ee50c72f93aa2dd863de768e1ef4245d426aa0725", size = 508002 },
]

[[package]]
name = "requests"
version = "2.32.3"
source = { registry = "https://pypi.org/simple" }
dependencies = [
    { name = "certifi" },
    { name = "charset-normalizer" },
    { name = "idna" },
    { name = "urllib3" },
]
sdist = { url = "https://files.pythonhosted.org/packages/63/70/2bf7780ad2d390a8d301ad0b550f1581eadbd9a20f896afe06353c2a2913/requests-2.32.3.tar.gz", hash = "sha256:55365417734eb18255590a9ff9eb97e9e1da868d4ccd6402399eaf68af20a760", size = 131218 }
wheels = [
    { url = "https://files.pythonhosted.org/packages/f9/9b/335f9764261e915ed497fcdeb11df5dfd6f7bf257d4a6a2a686d80da4d54/requests-2.32.3-py3-none-any.whl", hash = "sha256:70761cfe03c773ceb22aa2f671b4757976145175cdfca038c02654d061d6dcc6", size = 64928 },
]

[[package]]
name = "six"
version = "1.17.0"
source = { registry = "https://pypi.org/simple" }
sdist = { url = "https://files.pythonhosted.org/packages/94/e7/b2c673351809dca68a0e064b6af791aa332cf192da575fd474ed7d6f16a2/six-1.17.0.tar.gz", hash = "sha256:ff70335d468e7eb6ec65b95b99d3a2836546063f63acc5171de367e834932a81", size = 34031 }
wheels = [
    { url = "https://files.pythonhosted.org/packages/b7/ce/149a00dd41f10bc29e5921b496af8b574d8413afcd5e30dfa0ed46c2cc5e/six-1.17.0-py2.py3-none-any.whl", hash = "sha256:4721f391ed90541fddacab5acf947aa0d3dc7d27b2e1e8eda2be8970586c3274", size = 11050 },
]

[[package]]
name = "soupsieve"
version = "2.6"
source = { registry = "https://pypi.org/simple" }
sdist = { url = "https://files.pythonhosted.org/packages/d7/ce/fbaeed4f9fb8b2daa961f90591662df6a86c1abf25c548329a86920aedfb/soupsieve-2.6.tar.gz", hash = "sha256:e2e68417777af359ec65daac1057404a3c8a5455bb8abc36f1a9866ab1a51abb", size = 101569 }
wheels = [
    { url = "https://files.pythonhosted.org/packages/d1/c2/fe97d779f3ef3b15f05c94a2f1e3d21732574ed441687474db9d342a7315/soupsieve-2.6-py3-none-any.whl", hash = "sha256:e72c4ff06e4fb6e4b5a9f0f55fe6e81514581fca1515028625d0f299c602ccc9", size = 36186 },
]

[[package]]
name = "stack-data"
version = "0.6.3"
source = { registry = "https://pypi.org/simple" }
dependencies = [
    { name = "asttokens" },
    { name = "executing" },
    { name = "pure-eval" },
]
sdist = { url = "https://files.pythonhosted.org/packages/28/e3/55dcc2cfbc3ca9c29519eb6884dd1415ecb53b0e934862d3559ddcb7e20b/stack_data-0.6.3.tar.gz", hash = "sha256:836a778de4fec4dcd1dcd89ed8abff8a221f58308462e1c4aa2a3cf30148f0b9", size = 44707 }
wheels = [
    { url = "https://files.pythonhosted.org/packages/f1/7b/ce1eafaf1a76852e2ec9b22edecf1daa58175c090266e9f6c64afcd81d91/stack_data-0.6.3-py3-none-any.whl", hash = "sha256:d5558e0c25a4cb0853cddad3d77da9891a08cb85dd9f9f91b9f8cd66e511e695", size = 24521 },
]

[[package]]
name = "traitlets"
version = "5.14.3"
source = { registry = "https://pypi.org/simple" }
sdist = { url = "https://files.pythonhosted.org/packages/eb/79/72064e6a701c2183016abbbfedaba506d81e30e232a68c9f0d6f6fcd1574/traitlets-5.14.3.tar.gz", hash = "sha256:9ed0579d3502c94b4b3732ac120375cda96f923114522847de4b3bb98b96b6b7", size = 161621 }
wheels = [
    { url = "https://files.pythonhosted.org/packages/00/c0/8f5d070730d7836adc9c9b6408dec68c6ced86b304a9b26a14df072a6e8c/traitlets-5.14.3-py3-none-any.whl", hash = "sha256:b74e89e397b1ed28cc831db7aea759ba6640cb3de13090ca145426688ff1ac4f", size = 85359 },
]

[[package]]
name = "types-requests"
version = "2.32.0.20241016"
source = { registry = "https://pypi.org/simple" }
dependencies = [
    { name = "urllib3" },
]
sdist = { url = "https://files.pythonhosted.org/packages/fa/3c/4f2a430c01a22abd49a583b6b944173e39e7d01b688190a5618bd59a2e22/types-requests-2.32.0.20241016.tar.gz", hash = "sha256:0d9cad2f27515d0e3e3da7134a1b6f28fb97129d86b867f24d9c726452634d95", size = 18065 }
wheels = [
    { url = "https://files.pythonhosted.org/packages/d7/01/485b3026ff90e5190b5e24f1711522e06c79f4a56c8f4b95848ac072e20f/types_requests-2.32.0.20241016-py3-none-any.whl", hash = "sha256:4195d62d6d3e043a4eaaf08ff8a62184584d2e8684e9d2aa178c7915a7da3747", size = 15836 },
]

[[package]]
name = "typing-extensions"
version = "4.12.2"
source = { registry = "https://pypi.org/simple" }
sdist = { url = "https://files.pythonhosted.org/packages/df/db/f35a00659bc03fec321ba8bce9420de607a1d37f8342eee1863174c69557/typing_extensions-4.12.2.tar.gz", hash = "sha256:1a7ead55c7e559dd4dee8856e3a88b41225abfe1ce8df57b7c13915fe121ffb8", size = 85321 }
wheels = [
    { url = "https://files.pythonhosted.org/packages/26/9f/ad63fc0248c5379346306f8668cda6e2e2e9c95e01216d2b8ffd9ff037d0/typing_extensions-4.12.2-py3-none-any.whl", hash = "sha256:04e5ca0351e0f3f85c6853954072df659d0d13fac324d0072316b67d7794700d", size = 37438 },
]

[[package]]
name = "tzdata"
version = "2024.2"
source = { registry = "https://pypi.org/simple" }
sdist = { url = "https://files.pythonhosted.org/packages/e1/34/943888654477a574a86a98e9896bae89c7aa15078ec29f490fef2f1e5384/tzdata-2024.2.tar.gz", hash = "sha256:7d85cc416e9382e69095b7bdf4afd9e3880418a2413feec7069d533d6b4e31cc", size = 193282 }
wheels = [
    { url = "https://files.pythonhosted.org/packages/a6/ab/7e5f53c3b9d14972843a647d8d7a853969a58aecc7559cb3267302c94774/tzdata-2024.2-py2.py3-none-any.whl", hash = "sha256:a48093786cdcde33cad18c2555e8532f34422074448fbc874186f0abd79565cd", size = 346586 },
]

[[package]]
name = "urllib3"
version = "2.3.0"
source = { registry = "https://pypi.org/simple" }
sdist = { url = "https://files.pythonhosted.org/packages/aa/63/e53da845320b757bf29ef6a9062f5c669fe997973f966045cb019c3f4b66/urllib3-2.3.0.tar.gz", hash = "sha256:f8c5449b3cf0861679ce7e0503c7b44b5ec981bec0d1d3795a07f1ba96f0204d", size = 307268 }
wheels = [
    { url = "https://files.pythonhosted.org/packages/c8/19/4ec628951a74043532ca2cf5d97b7b14863931476d117c471e8e2b1eb39f/urllib3-2.3.0-py3-none-any.whl", hash = "sha256:1cee9ad369867bfdbbb48b7dd50374c0967a0bb7710050facf0dd6911440e3df", size = 128369 },
]

[[package]]
name = "wcwidth"
version = "0.2.13"
source = { registry = "https://pypi.org/simple" }
sdist = { url = "https://files.pythonhosted.org/packages/6c/63/53559446a878410fc5a5974feb13d31d78d752eb18aeba59c7fef1af7598/wcwidth-0.2.13.tar.gz", hash = "sha256:72ea0c06399eb286d978fdedb6923a9eb47e1c486ce63e9b4e64fc18303972b5", size = 101301 }
wheels = [
    { url = "https://files.pythonhosted.org/packages/fd/84/fd2ba7aafacbad3c4201d395674fc6348826569da3c0937e75505ead3528/wcwidth-0.2.13-py2.py3-none-any.whl", hash = "sha256:3da69048e4540d84af32131829ff948f1e022c1c6bdb8d6102117aac784f6859", size = 34166 },
]
